
Microsoft Visual Studio Solution File, Format Version 12.00
# Visual Studio Version 16
VisualStudioVersion = 16.0.28531.58
MinimumVisualStudioVersion = 10.0.40219.1
Project("{9A19103F-16F7-4668-BE54-9A1E7A4F7556}") = "BLayers.Portal", "src\BLayers.Portal\BLayers.Portal.csproj", "{EEAA4FBB-1598-4B37-B364-0E5242515597}"
EndProject
Global
	GlobalSection(SolutionConfigurationPlatforms) = preSolution
		Debug|Any CPU = Debug|Any CPU
		Release|Any CPU = Release|Any CPU
	EndGlobalSection
	GlobalSection(ProjectConfigurationPlatforms) = postSolution
		{EEAA4FBB-1598-4B37-B364-0E5242515597}.Debug|Any CPU.ActiveCfg = Debug|Any CPU
		{EEAA4FBB-1598-4B37-B364-0E5242515597}.Debug|Any CPU.Build.0 = Debug|Any CPU
		{EEAA4FBB-1598-4B37-B364-0E5242515597}.Release|Any CPU.ActiveCfg = Release|Any CPU
		{EEAA4FBB-1598-4B37-B364-0E5242515597}.Release|Any CPU.Build.0 = Release|Any CPU
	EndGlobalSection
	GlobalSection(SolutionProperties) = preSolution
		HideSolutionNode = FALSE
	EndGlobalSection
	GlobalSection(ExtensibilityGlobals) = postSolution
		SolutionGuid = {4D01E012-BAE6-4F42-872D-4D58454AA190}
	EndGlobalSection
EndGlobal
