
Microsoft Visual Studio Solution File, Format Version 12.00
# Visual Studio Version 16
VisualStudioVersion = 16.0.28531.58
MinimumVisualStudioVersion = 10.0.40219.1
Project("{FAE04EC0-301F-11D3-BF4B-00C04F79EFBC}") = "BLayers.Server", "BLayers\BLayers.Server\BLayers.Server.csproj", "{BB98CEFC-CE15-4F21-B9BB-3AD9C2F80A18}"
EndProject
Project("{FAE04EC0-301F-11D3-BF4B-00C04F79EFBC}") = "BLayers.App", "BLayers\BLayers.App\BLayers.App.csproj", "{FF1280FE-C324-4948-9FCE-C06FB9B237F9}"
EndProject
Global
	GlobalSection(SolutionConfigurationPlatforms) = preSolution
		Debug|Any CPU = Debug|Any CPU
		Release|Any CPU = Release|Any CPU
	EndGlobalSection
	GlobalSection(ProjectConfigurationPlatforms) = postSolution
		{BB98CEFC-CE15-4F21-B9BB-3AD9C2F80A18}.Debug|Any CPU.ActiveCfg = Debug|Any CPU
		{BB98CEFC-CE15-4F21-B9BB-3AD9C2F80A18}.Debug|Any CPU.Build.0 = Debug|Any CPU
		{BB98CEFC-CE15-4F21-B9BB-3AD9C2F80A18}.Release|Any CPU.ActiveCfg = Release|Any CPU
		{BB98CEFC-CE15-4F21-B9BB-3AD9C2F80A18}.Release|Any CPU.Build.0 = Release|Any CPU
		{FF1280FE-C324-4948-9FCE-C06FB9B237F9}.Debug|Any CPU.ActiveCfg = Debug|Any CPU
		{FF1280FE-C324-4948-9FCE-C06FB9B237F9}.Debug|Any CPU.Build.0 = Debug|Any CPU
		{FF1280FE-C324-4948-9FCE-C06FB9B237F9}.Release|Any CPU.ActiveCfg = Release|Any CPU
		{FF1280FE-C324-4948-9FCE-C06FB9B237F9}.Release|Any CPU.Build.0 = Release|Any CPU
	EndGlobalSection
	GlobalSection(SolutionProperties) = preSolution
		HideSolutionNode = FALSE
	EndGlobalSection
	GlobalSection(ExtensibilityGlobals) = postSolution
		SolutionGuid = {4D01E012-BAE6-4F42-872D-4D58454AA190}
	EndGlobalSection
EndGlobal
